
Microsoft Visual Studio Solution File, Format Version 12.00
# Visual Studio 15
VisualStudioVersion = 15.0.27428.2015
MinimumVisualStudioVersion = 10.0.40219.1
Project("{FAE04EC0-301F-11D3-BF4B-00C04F79EFBC}") = "Login", "Login\Login.csproj", "{90F9DA37-06BF-4715-90F9-EA7548968C57}"
EndProject
Global
	GlobalSection(SolutionConfigurationPlatforms) = preSolution
		Debug|Any CPU = Debug|Any CPU
		Release|Any CPU = Release|Any CPU
	EndGlobalSection
	GlobalSection(ProjectConfigurationPlatforms) = postSolution
		{90F9DA37-06BF-4715-90F9-EA7548968C57}.Debug|Any CPU.ActiveCfg = Debug|Any CPU
		{90F9DA37-06BF-4715-90F9-EA7548968C57}.Debug|Any CPU.Build.0 = Debug|Any CPU
		{90F9DA37-06BF-4715-90F9-EA7548968C57}.Release|Any CPU.ActiveCfg = Release|Any CPU
		{90F9DA37-06BF-4715-90F9-EA7548968C57}.Release|Any CPU.Build.0 = Release|Any CPU
	EndGlobalSection
	GlobalSection(SolutionProperties) = preSolution
		HideSolutionNode = FALSE
	EndGlobalSection
	GlobalSection(ExtensibilityGlobals) = postSolution
		SolutionGuid = {06F76BDE-96B0-4C5D-9D15-E9BF63BF3A4C}
	EndGlobalSection
EndGlobal
